// !$*UTF8*$!
{
	archiveVersion = 1;
	classes = {
	};
	objectVersion = 52;
	objects = {

/* Begin PBXBuildFile section */
		2E0A22452337AA3000336912 /* ExampleThreeCoordinator.swift in Sources */ = {isa = PBXBuildFile; fileRef = 2E0A22442337AA3000336912 /* ExampleThreeCoordinator.swift */; };
		2E1C5CE6230C7F840065D455 /* sheets in Frameworks */ = {isa = PBXBuildFile; productRef = 2E1C5CE5230C7F840065D455 /* sheets */; };
		2E4E8EB423184630009053FA /* CoordinatorType.swift in Sources */ = {isa = PBXBuildFile; fileRef = 2E4E8EB323184630009053FA /* CoordinatorType.swift */; };
		2E4E8EB623184782009053FA /* ExampleOneCoordinator.swift in Sources */ = {isa = PBXBuildFile; fileRef = 2E4E8EB523184782009053FA /* ExampleOneCoordinator.swift */; };
		2E4E8EB823184835009053FA /* SimpleDataSource.swift in Sources */ = {isa = PBXBuildFile; fileRef = 2E4E8EB723184835009053FA /* SimpleDataSource.swift */; };
		2E4E8EBA23184B11009053FA /* ExampleTwoCoordinator.swift in Sources */ = {isa = PBXBuildFile; fileRef = 2E4E8EB923184B11009053FA /* ExampleTwoCoordinator.swift */; };
		2E8A4BFC230C241700D4C65B /* AppDelegate.swift in Sources */ = {isa = PBXBuildFile; fileRef = 2E8A4BFB230C241700D4C65B /* AppDelegate.swift */; };
		2E8A4BFE230C241700D4C65B /* SceneDelegate.swift in Sources */ = {isa = PBXBuildFile; fileRef = 2E8A4BFD230C241700D4C65B /* SceneDelegate.swift */; };
		2E8A4C03230C241700D4C65B /* Main.storyboard in Resources */ = {isa = PBXBuildFile; fileRef = 2E8A4C01230C241700D4C65B /* Main.storyboard */; };
		2E8A4C05230C241900D4C65B /* Assets.xcassets in Resources */ = {isa = PBXBuildFile; fileRef = 2E8A4C04230C241900D4C65B /* Assets.xcassets */; };
		2E8A4C08230C241900D4C65B /* LaunchScreen.storyboard in Resources */ = {isa = PBXBuildFile; fileRef = 2E8A4C06230C241900D4C65B /* LaunchScreen.storyboard */; };
/* End PBXBuildFile section */

/* Begin PBXFileReference section */
		2E03E6DE246FED1400DE0093 /* sheets */ = {isa = PBXFileReference; lastKnownFileType = folder; name = sheets; path = ..; sourceTree = "<group>"; };
		2E0A22442337AA3000336912 /* ExampleThreeCoordinator.swift */ = {isa = PBXFileReference; lastKnownFileType = sourcecode.swift; path = ExampleThreeCoordinator.swift; sourceTree = "<group>"; };
		2E4E8EB323184630009053FA /* CoordinatorType.swift */ = {isa = PBXFileReference; lastKnownFileType = sourcecode.swift; path = CoordinatorType.swift; sourceTree = "<group>"; };
		2E4E8EB523184782009053FA /* ExampleOneCoordinator.swift */ = {isa = PBXFileReference; lastKnownFileType = sourcecode.swift; path = ExampleOneCoordinator.swift; sourceTree = "<group>"; };
		2E4E8EB723184835009053FA /* SimpleDataSource.swift */ = {isa = PBXFileReference; lastKnownFileType = sourcecode.swift; path = SimpleDataSource.swift; sourceTree = "<group>"; };
		2E4E8EB923184B11009053FA /* ExampleTwoCoordinator.swift */ = {isa = PBXFileReference; lastKnownFileType = sourcecode.swift; path = ExampleTwoCoordinator.swift; sourceTree = "<group>"; };
		2E8A4BF8230C241700D4C65B /* sheets-example.app */ = {isa = PBXFileReference; explicitFileType = wrapper.application; includeInIndex = 0; path = "sheets-example.app"; sourceTree = BUILT_PRODUCTS_DIR; };
		2E8A4BFB230C241700D4C65B /* AppDelegate.swift */ = {isa = PBXFileReference; lastKnownFileType = sourcecode.swift; path = AppDelegate.swift; sourceTree = "<group>"; };
		2E8A4BFD230C241700D4C65B /* SceneDelegate.swift */ = {isa = PBXFileReference; lastKnownFileType = sourcecode.swift; path = SceneDelegate.swift; sourceTree = "<group>"; };
		2E8A4C02230C241700D4C65B /* Base */ = {isa = PBXFileReference; lastKnownFileType = file.storyboard; name = Base; path = Base.lproj/Main.storyboard; sourceTree = "<group>"; };
		2E8A4C04230C241900D4C65B /* Assets.xcassets */ = {isa = PBXFileReference; lastKnownFileType = folder.assetcatalog; path = Assets.xcassets; sourceTree = "<group>"; };
		2E8A4C07230C241900D4C65B /* Base */ = {isa = PBXFileReference; lastKnownFileType = file.storyboard; name = Base; path = Base.lproj/LaunchScreen.storyboard; sourceTree = "<group>"; };
		2E8A4C09230C241900D4C65B /* Info.plist */ = {isa = PBXFileReference; lastKnownFileType = text.plist.xml; path = Info.plist; sourceTree = "<group>"; };
		2EC6E19A23294646000303E5 /* README.md */ = {isa = PBXFileReference; lastKnownFileType = net.daringfireball.markdown; path = README.md; sourceTree = "<group>"; };
/* End PBXFileReference section */

/* Begin PBXFrameworksBuildPhase section */
		2E8A4BF5230C241700D4C65B /* Frameworks */ = {
			isa = PBXFrameworksBuildPhase;
			buildActionMask = 2147483647;
			files = (
				2E1C5CE6230C7F840065D455 /* sheets in Frameworks */,
			);
			runOnlyForDeploymentPostprocessing = 0;
		};
/* End PBXFrameworksBuildPhase section */

/* Begin PBXGroup section */
		2E1C5CE1230C3EE40065D455 /* Frameworks */ = {
			isa = PBXGroup;
			children = (
			);
			name = Frameworks;
			sourceTree = "<group>";
		};
		2E4E8EAF2317DBF9009053FA /* Support Files */ = {
			isa = PBXGroup;
			children = (
				2E8A4BFB230C241700D4C65B /* AppDelegate.swift */,
				2E8A4BFD230C241700D4C65B /* SceneDelegate.swift */,
				2E8A4C01230C241700D4C65B /* Main.storyboard */,
				2E8A4C06230C241900D4C65B /* LaunchScreen.storyboard */,
				2E8A4C04230C241900D4C65B /* Assets.xcassets */,
				2E8A4C09230C241900D4C65B /* Info.plist */,
			);
			path = "Support Files";
			sourceTree = "<group>";
		};
		2E4E8EB223184618009053FA /* Examples */ = {
			isa = PBXGroup;
			children = (
				2E4E8EB523184782009053FA /* ExampleOneCoordinator.swift */,
				2E4E8EB923184B11009053FA /* ExampleTwoCoordinator.swift */,
				2E0A22442337AA3000336912 /* ExampleThreeCoordinator.swift */,
			);
			path = Examples;
			sourceTree = "<group>";
		};
		2E4E8EBB23184CFE009053FA /* Support Classes */ = {
			isa = PBXGroup;
			children = (
				2E4E8EB723184835009053FA /* SimpleDataSource.swift */,
			);
			path = "Support Classes";
			sourceTree = "<group>";
		};
		2E8A4BEF230C241700D4C65B = {
			isa = PBXGroup;
			children = (
				2E03E6DE246FED1400DE0093 /* sheets */,
				2E8A4BFA230C241700D4C65B /* sheets-example */,
				2E8A4BF9230C241700D4C65B /* Products */,
				2E1C5CE1230C3EE40065D455 /* Frameworks */,
				2EC6E19A23294646000303E5 /* README.md */,
			);
			sourceTree = "<group>";
		};
		2E8A4BF9230C241700D4C65B /* Products */ = {
			isa = PBXGroup;
			children = (
				2E8A4BF8230C241700D4C65B /* sheets-example.app */,
			);
			name = Products;
			sourceTree = "<group>";
		};
		2E8A4BFA230C241700D4C65B /* sheets-example */ = {
			isa = PBXGroup;
			children = (
				2E4E8EB323184630009053FA /* CoordinatorType.swift */,
				2E4E8EBB23184CFE009053FA /* Support Classes */,
				2E4E8EB223184618009053FA /* Examples */,
				2E4E8EAF2317DBF9009053FA /* Support Files */,
			);
			path = "sheets-example";
			sourceTree = "<group>";
		};
/* End PBXGroup section */

/* Begin PBXNativeTarget section */
		2E8A4BF7230C241700D4C65B /* sheets-example */ = {
			isa = PBXNativeTarget;
			buildConfigurationList = 2E8A4C0C230C241900D4C65B /* Build configuration list for PBXNativeTarget "sheets-example" */;
			buildPhases = (
				2E8A4BF4230C241700D4C65B /* Sources */,
				2E8A4BF5230C241700D4C65B /* Frameworks */,
				2E8A4BF6230C241700D4C65B /* Resources */,
			);
			buildRules = (
			);
			dependencies = (
			);
			name = "sheets-example";
			packageProductDependencies = (
				2E1C5CE5230C7F840065D455 /* sheets */,
			);
			productName = Example;
			productReference = 2E8A4BF8230C241700D4C65B /* sheets-example.app */;
			productType = "com.apple.product-type.application";
		};
/* End PBXNativeTarget section */

/* Begin PBXProject section */
		2E8A4BF0230C241700D4C65B /* Project object */ = {
			isa = PBXProject;
			attributes = {
				LastSwiftUpdateCheck = 1100;
				LastUpgradeCheck = 1100;
				ORGANIZATIONNAME = "Artyom Pstygo";
				TargetAttributes = {
					2E8A4BF7230C241700D4C65B = {
						CreatedOnToolsVersion = 11.0;
					};
				};
			};
			buildConfigurationList = 2E8A4BF3230C241700D4C65B /* Build configuration list for PBXProject "sheets-example" */;
			compatibilityVersion = "Xcode 9.3";
			developmentRegion = en;
			hasScannedForEncodings = 0;
			knownRegions = (
				en,
				Base,
			);
			mainGroup = 2E8A4BEF230C241700D4C65B;
			packageReferences = (
				2E1C5CE4230C7F840065D455 /* XCRemoteSwiftPackageReference "sheets" */,
			);
			productRefGroup = 2E8A4BF9230C241700D4C65B /* Products */;
			projectDirPath = "";
			projectRoot = "";
			targets = (
				2E8A4BF7230C241700D4C65B /* sheets-example */,
			);
		};
/* End PBXProject section */

/* Begin PBXResourcesBuildPhase section */
		2E8A4BF6230C241700D4C65B /* Resources */ = {
			isa = PBXResourcesBuildPhase;
			buildActionMask = 2147483647;
			files = (
				2E8A4C08230C241900D4C65B /* LaunchScreen.storyboard in Resources */,
				2E8A4C05230C241900D4C65B /* Assets.xcassets in Resources */,
				2E8A4C03230C241700D4C65B /* Main.storyboard in Resources */,
			);
			runOnlyForDeploymentPostprocessing = 0;
		};
/* End PBXResourcesBuildPhase section */

/* Begin PBXSourcesBuildPhase section */
		2E8A4BF4230C241700D4C65B /* Sources */ = {
			isa = PBXSourcesBuildPhase;
			buildActionMask = 2147483647;
			files = (
				2E8A4BFC230C241700D4C65B /* AppDelegate.swift in Sources */,
				2E4E8EB623184782009053FA /* ExampleOneCoordinator.swift in Sources */,
				2E4E8EB423184630009053FA /* CoordinatorType.swift in Sources */,
				2E0A22452337AA3000336912 /* ExampleThreeCoordinator.swift in Sources */,
				2E4E8EB823184835009053FA /* SimpleDataSource.swift in Sources */,
				2E4E8EBA23184B11009053FA /* ExampleTwoCoordinator.swift in Sources */,
				2E8A4BFE230C241700D4C65B /* SceneDelegate.swift in Sources */,
			);
			runOnlyForDeploymentPostprocessing = 0;
		};
/* End PBXSourcesBuildPhase section */

/* Begin PBXVariantGroup section */
		2E8A4C01230C241700D4C65B /* Main.storyboard */ = {
			isa = PBXVariantGroup;
			children = (
				2E8A4C02230C241700D4C65B /* Base */,
			);
			name = Main.storyboard;
			sourceTree = "<group>";
		};
		2E8A4C06230C241900D4C65B /* LaunchScreen.storyboard */ = {
			isa = PBXVariantGroup;
			children = (
				2E8A4C07230C241900D4C65B /* Base */,
			);
			name = LaunchScreen.storyboard;
			sourceTree = "<group>";
		};
/* End PBXVariantGroup section */

/* Begin XCBuildConfiguration section */
		2E8A4C0A230C241900D4C65B /* Debug */ = {
			isa = XCBuildConfiguration;
			buildSettings = {
				ALWAYS_SEARCH_USER_PATHS = NO;
				CLANG_ANALYZER_NONNULL = YES;
				CLANG_ANALYZER_NUMBER_OBJECT_CONVERSION = YES_AGGRESSIVE;
				CLANG_CXX_LANGUAGE_STANDARD = "gnu++14";
				CLANG_CXX_LIBRARY = "libc++";
				CLANG_ENABLE_MODULES = YES;
				CLANG_ENABLE_OBJC_ARC = YES;
				CLANG_ENABLE_OBJC_WEAK = YES;
				CLANG_WARN_BLOCK_CAPTURE_AUTORELEASING = YES;
				CLANG_WARN_BOOL_CONVERSION = YES;
				CLANG_WARN_COMMA = YES;
				CLANG_WARN_CONSTANT_CONVERSION = YES;
				CLANG_WARN_DEPRECATED_OBJC_IMPLEMENTATIONS = YES;
				CLANG_WARN_DIRECT_OBJC_ISA_USAGE = YES_ERROR;
				CLANG_WARN_DOCUMENTATION_COMMENTS = YES;
				CLANG_WARN_EMPTY_BODY = YES;
				CLANG_WARN_ENUM_CONVERSION = YES;
				CLANG_WARN_INFINITE_RECURSION = YES;
				CLANG_WARN_INT_CONVERSION = YES;
				CLANG_WARN_NON_LITERAL_NULL_CONVERSION = YES;
				CLANG_WARN_OBJC_IMPLICIT_RETAIN_SELF = YES;
				CLANG_WARN_OBJC_LITERAL_CONVERSION = YES;
				CLANG_WARN_OBJC_ROOT_CLASS = YES_ERROR;
				CLANG_WARN_RANGE_LOOP_ANALYSIS = YES;
				CLANG_WARN_STRICT_PROTOTYPES = YES;
				CLANG_WARN_SUSPICIOUS_MOVE = YES;
				CLANG_WARN_UNGUARDED_AVAILABILITY = YES_AGGRESSIVE;
				CLANG_WARN_UNREACHABLE_CODE = YES;
				CLANG_WARN__DUPLICATE_METHOD_MATCH = YES;
				COPY_PHASE_STRIP = NO;
				DEBUG_INFORMATION_FORMAT = dwarf;
				ENABLE_STRICT_OBJC_MSGSEND = YES;
				ENABLE_TESTABILITY = YES;
				GCC_C_LANGUAGE_STANDARD = gnu11;
				GCC_DYNAMIC_NO_PIC = NO;
				GCC_NO_COMMON_BLOCKS = YES;
				GCC_OPTIMIZATION_LEVEL = 0;
				GCC_PREPROCESSOR_DEFINITIONS = (
					"DEBUG=1",
					"$(inherited)",
				);
				GCC_WARN_64_TO_32_BIT_CONVERSION = YES;
				GCC_WARN_ABOUT_RETURN_TYPE = YES_ERROR;
				GCC_WARN_UNDECLARED_SELECTOR = YES;
				GCC_WARN_UNINITIALIZED_AUTOS = YES_AGGRESSIVE;
				GCC_WARN_UNUSED_FUNCTION = YES;
				GCC_WARN_UNUSED_VARIABLE = YES;
				IPHONEOS_DEPLOYMENT_TARGET = 13.0;
				MTL_ENABLE_DEBUG_INFO = INCLUDE_SOURCE;
				MTL_FAST_MATH = YES;
				ONLY_ACTIVE_ARCH = YES;
				SDKROOT = iphoneos;
				SWIFT_ACTIVE_COMPILATION_CONDITIONS = DEBUG;
				SWIFT_OPTIMIZATION_LEVEL = "-Onone";
			};
			name = Debug;
		};
		2E8A4C0B230C241900D4C65B /* Release */ = {
			isa = XCBuildConfiguration;
			buildSettings = {
				ALWAYS_SEARCH_USER_PATHS = NO;
				CLANG_ANALYZER_NONNULL = YES;
				CLANG_ANALYZER_NUMBER_OBJECT_CONVERSION = YES_AGGRESSIVE;
				CLANG_CXX_LANGUAGE_STANDARD = "gnu++14";
				CLANG_CXX_LIBRARY = "libc++";
				CLANG_ENABLE_MODULES = YES;
				CLANG_ENABLE_OBJC_ARC = YES;
				CLANG_ENABLE_OBJC_WEAK = YES;
				CLANG_WARN_BLOCK_CAPTURE_AUTORELEASING = YES;
				CLANG_WARN_BOOL_CONVERSION = YES;
				CLANG_WARN_COMMA = YES;
				CLANG_WARN_CONSTANT_CONVERSION = YES;
				CLANG_WARN_DEPRECATED_OBJC_IMPLEMENTATIONS = YES;
				CLANG_WARN_DIRECT_OBJC_ISA_USAGE = YES_ERROR;
				CLANG_WARN_DOCUMENTATION_COMMENTS = YES;
				CLANG_WARN_EMPTY_BODY = YES;
				CLANG_WARN_ENUM_CONVERSION = YES;
				CLANG_WARN_INFINITE_RECURSION = YES;
				CLANG_WARN_INT_CONVERSION = YES;
				CLANG_WARN_NON_LITERAL_NULL_CONVERSION = YES;
				CLANG_WARN_OBJC_IMPLICIT_RETAIN_SELF = YES;
				CLANG_WARN_OBJC_LITERAL_CONVERSION = YES;
				CLANG_WARN_OBJC_ROOT_CLASS = YES_ERROR;
				CLANG_WARN_RANGE_LOOP_ANALYSIS = YES;
				CLANG_WARN_STRICT_PROTOTYPES = YES;
				CLANG_WARN_SUSPICIOUS_MOVE = YES;
				CLANG_WARN_UNGUARDED_AVAILABILITY = YES_AGGRESSIVE;
				CLANG_WARN_UNREACHABLE_CODE = YES;
				CLANG_WARN__DUPLICATE_METHOD_MATCH = YES;
				COPY_PHASE_STRIP = NO;
				DEBUG_INFORMATION_FORMAT = "dwarf-with-dsym";
				ENABLE_NS_ASSERTIONS = NO;
				ENABLE_STRICT_OBJC_MSGSEND = YES;
				GCC_C_LANGUAGE_STANDARD = gnu11;
				GCC_NO_COMMON_BLOCKS = YES;
				GCC_WARN_64_TO_32_BIT_CONVERSION = YES;
				GCC_WARN_ABOUT_RETURN_TYPE = YES_ERROR;
				GCC_WARN_UNDECLARED_SELECTOR = YES;
				GCC_WARN_UNINITIALIZED_AUTOS = YES_AGGRESSIVE;
				GCC_WARN_UNUSED_FUNCTION = YES;
				GCC_WARN_UNUSED_VARIABLE = YES;
				IPHONEOS_DEPLOYMENT_TARGET = 13.0;
				MTL_ENABLE_DEBUG_INFO = NO;
				MTL_FAST_MATH = YES;
				SDKROOT = iphoneos;
				SWIFT_COMPILATION_MODE = wholemodule;
				SWIFT_OPTIMIZATION_LEVEL = "-O";
				VALIDATE_PRODUCT = YES;
			};
			name = Release;
		};
		2E8A4C0D230C241900D4C65B /* Debug */ = {
			isa = XCBuildConfiguration;
			buildSettings = {
				ASSETCATALOG_COMPILER_APPICON_NAME = AppIcon;
				CODE_SIGN_STYLE = Automatic;
				DEVELOPMENT_TEAM = 4S4BL79277;
				INFOPLIST_FILE = "sheets-example/Support Files/Info.plist";
				IPHONEOS_DEPLOYMENT_TARGET = 13.0;
				LD_RUNPATH_SEARCH_PATHS = (
					"$(inherited)",
					"@executable_path/Frameworks",
				);
				PRODUCT_BUNDLE_IDENTIFIER = "com.apstygo.sheets-example";
				PRODUCT_NAME = "$(TARGET_NAME)";
				SWIFT_VERSION = 5.0;
				TARGETED_DEVICE_FAMILY = 1;
			};
			name = Debug;
		};
		2E8A4C0E230C241900D4C65B /* Release */ = {
			isa = XCBuildConfiguration;
			buildSettings = {
				ASSETCATALOG_COMPILER_APPICON_NAME = AppIcon;
				CODE_SIGN_STYLE = Automatic;
				DEVELOPMENT_TEAM = 4S4BL79277;
				INFOPLIST_FILE = "sheets-example/Support Files/Info.plist";
				IPHONEOS_DEPLOYMENT_TARGET = 13.0;
				LD_RUNPATH_SEARCH_PATHS = (
					"$(inherited)",
					"@executable_path/Frameworks",
				);
				PRODUCT_BUNDLE_IDENTIFIER = "com.apstygo.sheets-example";
				PRODUCT_NAME = "$(TARGET_NAME)";
				SWIFT_VERSION = 5.0;
				TARGETED_DEVICE_FAMILY = 1;
			};
			name = Release;
		};
/* End XCBuildConfiguration section */

/* Begin XCConfigurationList section */
		2E8A4BF3230C241700D4C65B /* Build configuration list for PBXProject "sheets-example" */ = {
			isa = XCConfigurationList;
			buildConfigurations = (
				2E8A4C0A230C241900D4C65B /* Debug */,
				2E8A4C0B230C241900D4C65B /* Release */,
			);
			defaultConfigurationIsVisible = 0;
			defaultConfigurationName = Release;
		};
		2E8A4C0C230C241900D4C65B /* Build configuration list for PBXNativeTarget "sheets-example" */ = {
			isa = XCConfigurationList;
			buildConfigurations = (
				2E8A4C0D230C241900D4C65B /* Debug */,
				2E8A4C0E230C241900D4C65B /* Release */,
			);
			defaultConfigurationIsVisible = 0;
			defaultConfigurationName = Release;
		};
/* End XCConfigurationList section */

/* Begin XCRemoteSwiftPackageReference section */
		2E1C5CE4230C7F840065D455 /* XCRemoteSwiftPackageReference "sheets" */ = {
			isa = XCRemoteSwiftPackageReference;
			repositoryURL = "https://github.com/apstygo/sheets";
			requirement = {
				branch = master;
				kind = branch;
			};
		};
/* End XCRemoteSwiftPackageReference section */

/* Begin XCSwiftPackageProductDependency section */
		2E1C5CE5230C7F840065D455 /* sheets */ = {
			isa = XCSwiftPackageProductDependency;
			package = 2E1C5CE4230C7F840065D455 /* XCRemoteSwiftPackageReference "sheets" */;
			productName = sheets;
		};
/* End XCSwiftPackageProductDependency section */
	};
	rootObject = 2E8A4BF0230C241700D4C65B /* Project object */;
}
